
Microsoft Visual Studio Solution File, Format Version 12.00
# Visual Studio Version 16
VisualStudioVersion = 16.0.30225.117
MinimumVisualStudioVersion = 10.0.40219.1
Project("{FAE04EC0-301F-11D3-BF4B-00C04F79EFBC}") = "AspNetCoreWebApiApp01", "AspNetCoreWebApiApp01\AspNetCoreWebApiApp01.csproj", "{B3E8C232-3BF5-473F-8ACD-AC1EE0581E83}"
EndProject
Global
	GlobalSection(SolutionConfigurationPlatforms) = preSolution
		Debug|Any CPU = Debug|Any CPU
		Release|Any CPU = Release|Any CPU
	EndGlobalSection
	GlobalSection(ProjectConfigurationPlatforms) = postSolution
		{B3E8C232-3BF5-473F-8ACD-AC1EE0581E83}.Debug|Any CPU.ActiveCfg = Debug|Any CPU
		{B3E8C232-3BF5-473F-8ACD-AC1EE0581E83}.Debug|Any CPU.Build.0 = Debug|Any CPU
		{B3E8C232-3BF5-473F-8ACD-AC1EE0581E83}.Release|Any CPU.ActiveCfg = Release|Any CPU
		{B3E8C232-3BF5-473F-8ACD-AC1EE0581E83}.Release|Any CPU.Build.0 = Release|Any CPU
	EndGlobalSection
	GlobalSection(SolutionProperties) = preSolution
		HideSolutionNode = FALSE
	EndGlobalSection
	GlobalSection(ExtensibilityGlobals) = postSolution
		SolutionGuid = {A5AD2A48-11B3-4D9C-925B-77BC2F40E07C}
	EndGlobalSection
EndGlobal
